
Microsoft Visual Studio Solution File, Format Version 12.00
# Visual Studio Version 17
VisualStudioVersion = 17.9.34728.123
MinimumVisualStudioVersion = 10.0.40219.1
Project("{FAE04EC0-301F-11D3-BF4B-00C04F79EFBC}") = "EKZ18", "EKZ18\EKZ18.csproj", "{7818BCD4-DDD3-4483-9AB7-CE49A6DEA925}"
EndProject
Global
	GlobalSection(SolutionConfigurationPlatforms) = preSolution
		Debug|Any CPU = Debug|Any CPU
		Release|Any CPU = Release|Any CPU
	EndGlobalSection
	GlobalSection(ProjectConfigurationPlatforms) = postSolution
		{7818BCD4-DDD3-4483-9AB7-CE49A6DEA925}.Debug|Any CPU.ActiveCfg = Debug|Any CPU
		{7818BCD4-DDD3-4483-9AB7-CE49A6DEA925}.Debug|Any CPU.Build.0 = Debug|Any CPU
		{7818BCD4-DDD3-4483-9AB7-CE49A6DEA925}.Release|Any CPU.ActiveCfg = Release|Any CPU
		{7818BCD4-DDD3-4483-9AB7-CE49A6DEA925}.Release|Any CPU.Build.0 = Release|Any CPU
	EndGlobalSection
	GlobalSection(SolutionProperties) = preSolution
		HideSolutionNode = FALSE
	EndGlobalSection
	GlobalSection(ExtensibilityGlobals) = postSolution
		SolutionGuid = {DB8C2130-95FD-4EAE-8E62-006DEC158E3B}
	EndGlobalSection
EndGlobal
