
Microsoft Visual Studio Solution File, Format Version 12.00
# Visual Studio Version 17
VisualStudioVersion = 17.9.34728.123
MinimumVisualStudioVersion = 10.0.40219.1
Project("{9A19103F-16F7-4668-BE54-9A1E7A4F7556}") = "ConsoleApp1", "ConsoleApp1\ConsoleApp1.csproj", "{D9C465EA-88A7-401F-97AF-70DDAE079DFF}"
EndProject
Project("{9A19103F-16F7-4668-BE54-9A1E7A4F7556}") = "ConsoleApp2", "ConsoleApp2\ConsoleApp2.csproj", "{6E8A5423-BB2B-49E2-98F0-2B439BB4D450}"
EndProject
Project("{9A19103F-16F7-4668-BE54-9A1E7A4F7556}") = "ConsoleApp3", "ConsoleApp3\ConsoleApp3.csproj", "{4AE3D2F1-F198-470C-A086-60E9903236EF}"
EndProject
Project("{9A19103F-16F7-4668-BE54-9A1E7A4F7556}") = "ConsoleApp4", "ConsoleApp4\ConsoleApp4.csproj", "{16E1E04B-167D-49E1-8CD9-DF5D497022C7}"
EndProject
Project("{9A19103F-16F7-4668-BE54-9A1E7A4F7556}") = "ConsoleApp5", "ConsoleApp5\ConsoleApp5.csproj", "{186D485F-555B-4B21-BCDD-42F954468689}"
EndProject
Project("{9A19103F-16F7-4668-BE54-9A1E7A4F7556}") = "ConsoleApp6", "ConsoleApp6\ConsoleApp6.csproj", "{C5EF5C01-4A54-4225-A948-85001F5DFDFB}"
EndProject
Project("{9A19103F-16F7-4668-BE54-9A1E7A4F7556}") = "ConsoleApp7", "ConsoleApp7\ConsoleApp7.csproj", "{1F419D82-C613-4B91-A436-5CC16372E03D}"
EndProject
Project("{9A19103F-16F7-4668-BE54-9A1E7A4F7556}") = "ConsoleApp8", "ConsoleApp8\ConsoleApp8.csproj", "{B9F1EAE6-AA60-4614-A9B4-1CBAED8C34DA}"
EndProject
Project("{9A19103F-16F7-4668-BE54-9A1E7A4F7556}") = "ConsoleApp9", "ConsoleApp9\ConsoleApp9.csproj", "{86D99D58-7B81-4940-8753-6C6A2ADFE143}"
EndProject
Project("{9A19103F-16F7-4668-BE54-9A1E7A4F7556}") = "ConsoleApp10", "ConsoleApp10\ConsoleApp10.csproj", "{034FCB93-3967-44B6-BB75-769BF10E65EA}"
EndProject
Project("{9A19103F-16F7-4668-BE54-9A1E7A4F7556}") = "ConsoleApp11", "ConsoleApp11\ConsoleApp11.csproj", "{0A028F7D-05D8-4688-9FDF-E23A4C309CE1}"
EndProject
Project("{2150E333-8FDC-42A3-9474-1A3956D46DE8}") = "1-9", "1-9", "{DBC387FA-2E48-4218-A5C1-535FC2B500E3}"
EndProject
Project("{2150E333-8FDC-42A3-9474-1A3956D46DE8}") = "Обычные консольковые", "Обычные консольковые", "{BC323798-39C7-487D-A92B-F05474E1A0DC}"
EndProject
Project("{2150E333-8FDC-42A3-9474-1A3956D46DE8}") = "БД", "БД", "{4113FE41-16D9-435A-9576-6BD67A7F8479}"
EndProject
Project("{9A19103F-16F7-4668-BE54-9A1E7A4F7556}") = "ConsoleApp12", "ConsoleApp12\ConsoleApp12.csproj", "{65AB0089-21EA-41CD-B57A-FCD90C497FD5}"
EndProject
Project("{9A19103F-16F7-4668-BE54-9A1E7A4F7556}") = "ConsoleApp13", "ConsoleApp13\ConsoleApp13.csproj", "{FE178283-B08B-4CF3-8662-74FE1C5571E8}"
EndProject
Project("{9A19103F-16F7-4668-BE54-9A1E7A4F7556}") = "ConsoleApp14", "ConsoleApp14\ConsoleApp14.csproj", "{F8CB862E-984A-45C7-9FB5-1B3054485178}"
EndProject
Project("{2150E333-8FDC-42A3-9474-1A3956D46DE8}") = "Треды", "Треды", "{A4CDDCC7-6978-49FD-B730-EB78C96C54D5}"
EndProject
Project("{FAE04EC0-301F-11D3-BF4B-00C04F79EFBC}") = "ConsoleApp15", "ConsoleApp15\ConsoleApp15.csproj", "{EAE92F16-EDA3-4484-8F8D-713B36D8BA5B}"
EndProject
Project("{FAE04EC0-301F-11D3-BF4B-00C04F79EFBC}") = "ConsoleApp16", "ConsoleApp16\ConsoleApp16.csproj", "{EFF3A9C0-D23D-4A2D-B8D3-2AFCCD05A2BE}"
EndProject
Project("{FAE04EC0-301F-11D3-BF4B-00C04F79EFBC}") = "17", "17\17.csproj", "{FD5D7DAE-9B0D-4540-867E-8BC72F42ACB7}"
EndProject
Global
	GlobalSection(SolutionConfigurationPlatforms) = preSolution
		Debug|Any CPU = Debug|Any CPU
		Release|Any CPU = Release|Any CPU
	EndGlobalSection
	GlobalSection(ProjectConfigurationPlatforms) = postSolution
		{D9C465EA-88A7-401F-97AF-70DDAE079DFF}.Debug|Any CPU.ActiveCfg = Debug|Any CPU
		{D9C465EA-88A7-401F-97AF-70DDAE079DFF}.Debug|Any CPU.Build.0 = Debug|Any CPU
		{D9C465EA-88A7-401F-97AF-70DDAE079DFF}.Release|Any CPU.ActiveCfg = Release|Any CPU
		{D9C465EA-88A7-401F-97AF-70DDAE079DFF}.Release|Any CPU.Build.0 = Release|Any CPU
		{6E8A5423-BB2B-49E2-98F0-2B439BB4D450}.Debug|Any CPU.ActiveCfg = Debug|Any CPU
		{6E8A5423-BB2B-49E2-98F0-2B439BB4D450}.Debug|Any CPU.Build.0 = Debug|Any CPU
		{6E8A5423-BB2B-49E2-98F0-2B439BB4D450}.Release|Any CPU.ActiveCfg = Release|Any CPU
		{6E8A5423-BB2B-49E2-98F0-2B439BB4D450}.Release|Any CPU.Build.0 = Release|Any CPU
		{4AE3D2F1-F198-470C-A086-60E9903236EF}.Debug|Any CPU.ActiveCfg = Debug|Any CPU
		{4AE3D2F1-F198-470C-A086-60E9903236EF}.Debug|Any CPU.Build.0 = Debug|Any CPU
		{4AE3D2F1-F198-470C-A086-60E9903236EF}.Release|Any CPU.ActiveCfg = Release|Any CPU
		{4AE3D2F1-F198-470C-A086-60E9903236EF}.Release|Any CPU.Build.0 = Release|Any CPU
		{16E1E04B-167D-49E1-8CD9-DF5D497022C7}.Debug|Any CPU.ActiveCfg = Debug|Any CPU
		{16E1E04B-167D-49E1-8CD9-DF5D497022C7}.Debug|Any CPU.Build.0 = Debug|Any CPU
		{16E1E04B-167D-49E1-8CD9-DF5D497022C7}.Release|Any CPU.ActiveCfg = Release|Any CPU
		{16E1E04B-167D-49E1-8CD9-DF5D497022C7}.Release|Any CPU.Build.0 = Release|Any CPU
		{186D485F-555B-4B21-BCDD-42F954468689}.Debug|Any CPU.ActiveCfg = Debug|Any CPU
		{186D485F-555B-4B21-BCDD-42F954468689}.Debug|Any CPU.Build.0 = Debug|Any CPU
		{186D485F-555B-4B21-BCDD-42F954468689}.Release|Any CPU.ActiveCfg = Release|Any CPU
		{186D485F-555B-4B21-BCDD-42F954468689}.Release|Any CPU.Build.0 = Release|Any CPU
		{C5EF5C01-4A54-4225-A948-85001F5DFDFB}.Debug|Any CPU.ActiveCfg = Debug|Any CPU
		{C5EF5C01-4A54-4225-A948-85001F5DFDFB}.Debug|Any CPU.Build.0 = Debug|Any CPU
		{C5EF5C01-4A54-4225-A948-85001F5DFDFB}.Release|Any CPU.ActiveCfg = Release|Any CPU
		{C5EF5C01-4A54-4225-A948-85001F5DFDFB}.Release|Any CPU.Build.0 = Release|Any CPU
		{1F419D82-C613-4B91-A436-5CC16372E03D}.Debug|Any CPU.ActiveCfg = Debug|Any CPU
		{1F419D82-C613-4B91-A436-5CC16372E03D}.Debug|Any CPU.Build.0 = Debug|Any CPU
		{1F419D82-C613-4B91-A436-5CC16372E03D}.Release|Any CPU.ActiveCfg = Release|Any CPU
		{1F419D82-C613-4B91-A436-5CC16372E03D}.Release|Any CPU.Build.0 = Release|Any CPU
		{B9F1EAE6-AA60-4614-A9B4-1CBAED8C34DA}.Debug|Any CPU.ActiveCfg = Debug|Any CPU
		{B9F1EAE6-AA60-4614-A9B4-1CBAED8C34DA}.Debug|Any CPU.Build.0 = Debug|Any CPU
		{B9F1EAE6-AA60-4614-A9B4-1CBAED8C34DA}.Release|Any CPU.ActiveCfg = Release|Any CPU
		{B9F1EAE6-AA60-4614-A9B4-1CBAED8C34DA}.Release|Any CPU.Build.0 = Release|Any CPU
		{86D99D58-7B81-4940-8753-6C6A2ADFE143}.Debug|Any CPU.ActiveCfg = Debug|Any CPU
		{86D99D58-7B81-4940-8753-6C6A2ADFE143}.Debug|Any CPU.Build.0 = Debug|Any CPU
		{86D99D58-7B81-4940-8753-6C6A2ADFE143}.Release|Any CPU.ActiveCfg = Release|Any CPU
		{86D99D58-7B81-4940-8753-6C6A2ADFE143}.Release|Any CPU.Build.0 = Release|Any CPU
		{034FCB93-3967-44B6-BB75-769BF10E65EA}.Debug|Any CPU.ActiveCfg = Debug|Any CPU
		{034FCB93-3967-44B6-BB75-769BF10E65EA}.Debug|Any CPU.Build.0 = Debug|Any CPU
		{034FCB93-3967-44B6-BB75-769BF10E65EA}.Release|Any CPU.ActiveCfg = Release|Any CPU
		{034FCB93-3967-44B6-BB75-769BF10E65EA}.Release|Any CPU.Build.0 = Release|Any CPU
		{0A028F7D-05D8-4688-9FDF-E23A4C309CE1}.Debug|Any CPU.ActiveCfg = Debug|Any CPU
		{0A028F7D-05D8-4688-9FDF-E23A4C309CE1}.Debug|Any CPU.Build.0 = Debug|Any CPU
		{0A028F7D-05D8-4688-9FDF-E23A4C309CE1}.Release|Any CPU.ActiveCfg = Release|Any CPU
		{0A028F7D-05D8-4688-9FDF-E23A4C309CE1}.Release|Any CPU.Build.0 = Release|Any CPU
		{65AB0089-21EA-41CD-B57A-FCD90C497FD5}.Debug|Any CPU.ActiveCfg = Debug|Any CPU
		{65AB0089-21EA-41CD-B57A-FCD90C497FD5}.Debug|Any CPU.Build.0 = Debug|Any CPU
		{65AB0089-21EA-41CD-B57A-FCD90C497FD5}.Release|Any CPU.ActiveCfg = Release|Any CPU
		{65AB0089-21EA-41CD-B57A-FCD90C497FD5}.Release|Any CPU.Build.0 = Release|Any CPU
		{FE178283-B08B-4CF3-8662-74FE1C5571E8}.Debug|Any CPU.ActiveCfg = Debug|Any CPU
		{FE178283-B08B-4CF3-8662-74FE1C5571E8}.Debug|Any CPU.Build.0 = Debug|Any CPU
		{FE178283-B08B-4CF3-8662-74FE1C5571E8}.Release|Any CPU.ActiveCfg = Release|Any CPU
		{FE178283-B08B-4CF3-8662-74FE1C5571E8}.Release|Any CPU.Build.0 = Release|Any CPU
		{F8CB862E-984A-45C7-9FB5-1B3054485178}.Debug|Any CPU.ActiveCfg = Debug|Any CPU
		{F8CB862E-984A-45C7-9FB5-1B3054485178}.Debug|Any CPU.Build.0 = Debug|Any CPU
		{F8CB862E-984A-45C7-9FB5-1B3054485178}.Release|Any CPU.ActiveCfg = Release|Any CPU
		{F8CB862E-984A-45C7-9FB5-1B3054485178}.Release|Any CPU.Build.0 = Release|Any CPU
		{EAE92F16-EDA3-4484-8F8D-713B36D8BA5B}.Debug|Any CPU.ActiveCfg = Debug|Any CPU
		{EAE92F16-EDA3-4484-8F8D-713B36D8BA5B}.Debug|Any CPU.Build.0 = Debug|Any CPU
		{EAE92F16-EDA3-4484-8F8D-713B36D8BA5B}.Release|Any CPU.ActiveCfg = Release|Any CPU
		{EAE92F16-EDA3-4484-8F8D-713B36D8BA5B}.Release|Any CPU.Build.0 = Release|Any CPU
		{EFF3A9C0-D23D-4A2D-B8D3-2AFCCD05A2BE}.Debug|Any CPU.ActiveCfg = Debug|Any CPU
		{EFF3A9C0-D23D-4A2D-B8D3-2AFCCD05A2BE}.Debug|Any CPU.Build.0 = Debug|Any CPU
		{EFF3A9C0-D23D-4A2D-B8D3-2AFCCD05A2BE}.Release|Any CPU.ActiveCfg = Release|Any CPU
		{EFF3A9C0-D23D-4A2D-B8D3-2AFCCD05A2BE}.Release|Any CPU.Build.0 = Release|Any CPU
		{FD5D7DAE-9B0D-4540-867E-8BC72F42ACB7}.Debug|Any CPU.ActiveCfg = Debug|Any CPU
		{FD5D7DAE-9B0D-4540-867E-8BC72F42ACB7}.Debug|Any CPU.Build.0 = Debug|Any CPU
		{FD5D7DAE-9B0D-4540-867E-8BC72F42ACB7}.Release|Any CPU.ActiveCfg = Release|Any CPU
		{FD5D7DAE-9B0D-4540-867E-8BC72F42ACB7}.Release|Any CPU.Build.0 = Release|Any CPU
	EndGlobalSection
	GlobalSection(SolutionProperties) = preSolution
		HideSolutionNode = FALSE
	EndGlobalSection
	GlobalSection(NestedProjects) = preSolution
		{D9C465EA-88A7-401F-97AF-70DDAE079DFF} = {DBC387FA-2E48-4218-A5C1-535FC2B500E3}
		{6E8A5423-BB2B-49E2-98F0-2B439BB4D450} = {DBC387FA-2E48-4218-A5C1-535FC2B500E3}
		{4AE3D2F1-F198-470C-A086-60E9903236EF} = {DBC387FA-2E48-4218-A5C1-535FC2B500E3}
		{16E1E04B-167D-49E1-8CD9-DF5D497022C7} = {DBC387FA-2E48-4218-A5C1-535FC2B500E3}
		{186D485F-555B-4B21-BCDD-42F954468689} = {DBC387FA-2E48-4218-A5C1-535FC2B500E3}
		{C5EF5C01-4A54-4225-A948-85001F5DFDFB} = {DBC387FA-2E48-4218-A5C1-535FC2B500E3}
		{1F419D82-C613-4B91-A436-5CC16372E03D} = {DBC387FA-2E48-4218-A5C1-535FC2B500E3}
		{B9F1EAE6-AA60-4614-A9B4-1CBAED8C34DA} = {DBC387FA-2E48-4218-A5C1-535FC2B500E3}
		{86D99D58-7B81-4940-8753-6C6A2ADFE143} = {DBC387FA-2E48-4218-A5C1-535FC2B500E3}
		{034FCB93-3967-44B6-BB75-769BF10E65EA} = {BC323798-39C7-487D-A92B-F05474E1A0DC}
		{0A028F7D-05D8-4688-9FDF-E23A4C309CE1} = {BC323798-39C7-487D-A92B-F05474E1A0DC}
		{DBC387FA-2E48-4218-A5C1-535FC2B500E3} = {BC323798-39C7-487D-A92B-F05474E1A0DC}
		{65AB0089-21EA-41CD-B57A-FCD90C497FD5} = {4113FE41-16D9-435A-9576-6BD67A7F8479}
		{FE178283-B08B-4CF3-8662-74FE1C5571E8} = {4113FE41-16D9-435A-9576-6BD67A7F8479}
		{F8CB862E-984A-45C7-9FB5-1B3054485178} = {4113FE41-16D9-435A-9576-6BD67A7F8479}
		{EAE92F16-EDA3-4484-8F8D-713B36D8BA5B} = {A4CDDCC7-6978-49FD-B730-EB78C96C54D5}
		{EFF3A9C0-D23D-4A2D-B8D3-2AFCCD05A2BE} = {A4CDDCC7-6978-49FD-B730-EB78C96C54D5}
		{FD5D7DAE-9B0D-4540-867E-8BC72F42ACB7} = {A4CDDCC7-6978-49FD-B730-EB78C96C54D5}
	EndGlobalSection
	GlobalSection(ExtensibilityGlobals) = postSolution
		SolutionGuid = {AAC75FAC-D18A-4727-851F-EF65CB67C90A}
	EndGlobalSection
EndGlobal
